
Microsoft Visual Studio Solution File, Format Version 12.00
# Visual Studio Version 17
VisualStudioVersion = 17.11.35222.181
MinimumVisualStudioVersion = 10.0.40219.1
Project("{9A19103F-16F7-4668-BE54-9A1E7A4F7556}") = "GamingCornerAPI.Presentation.MVC.Main", "GamingCornerAPI\GamingCornerAPI.Presentation.MVC.Main.csproj", "{36F3EEC8-8BBC-4D35-A7AF-F9AC1E93B4DD}"
EndProject
Project("{2150E333-8FDC-42A3-9474-1A3956D46DE8}") = "01 - Presentation", "01 - Presentation", "{E9191A05-BF37-43CD-9D08-F0A962AA9250}"
EndProject
Project("{2150E333-8FDC-42A3-9474-1A3956D46DE8}") = "02 - Application", "02 - Application", "{7547B475-00C0-4D4D-9C14-B144CC07F98F}"
EndProject
Project("{2150E333-8FDC-42A3-9474-1A3956D46DE8}") = "03 - Domain", "03 - Domain", "{26DDB491-5467-4B96-846A-549F626B70F1}"
EndProject
Project("{2150E333-8FDC-42A3-9474-1A3956D46DE8}") = "04 - Data", "04 - Data", "{2E6AE665-2BC1-48C8-9853-00185BDA5197}"
EndProject
Project("{2150E333-8FDC-42A3-9474-1A3956D46DE8}") = "05 - CrossCutting", "05 - CrossCutting", "{8E00716B-7FFF-494C-AB72-E23F46C523C3}"
EndProject
Project("{9A19103F-16F7-4668-BE54-9A1E7A4F7556}") = "GamingCornerAPI.Application.DTO", "GamingCornerAPI.Application.DTO\GamingCornerAPI.Application.DTO.csproj", "{AADAB8B2-21F6-4274-9955-3FF3867071C5}"
EndProject
Project("{9A19103F-16F7-4668-BE54-9A1E7A4F7556}") = "GamingCornerAPI.Application.Main", "GamingCornerAPI.Application.Main\GamingCornerAPI.Application.Main.csproj", "{CAB51C64-9C5C-47BF-905F-99E8465853C4}"
EndProject
Project("{9A19103F-16F7-4668-BE54-9A1E7A4F7556}") = "GamingCornerAPI.Domain.Entities", "GamingCornerAPI.Domain.Entities\GamingCornerAPI.Domain.Entities.csproj", "{925CDE76-935A-43FD-B8DD-BFCEE479601D}"
EndProject
Project("{9A19103F-16F7-4668-BE54-9A1E7A4F7556}") = "GamingCornerAPI.Domain.Main", "GamingCornerAPI.Domain.Main\GamingCornerAPI.Domain.Main.csproj", "{F03E7EA0-5D8C-4AE3-B3D3-2D94CBBD2E03}"
EndProject
Project("{9A19103F-16F7-4668-BE54-9A1E7A4F7556}") = "GamingCornerAPI.Data.Main", "GamingCornerAPI.Data.Main\GamingCornerAPI.Data.Main.csproj", "{2D911F84-A424-4B96-9E6F-C1DDF25D815B}"
EndProject
Project("{9A19103F-16F7-4668-BE54-9A1E7A4F7556}") = "GamingCornerAPI.CrossCutting.Enums", "GamingCornerAPI.CrossCutting.Enums\GamingCornerAPI.CrossCutting.Enums.csproj", "{98FB4318-0573-4B4B-B3D4-4A2CAEFAE32E}"
EndProject
Project("{9A19103F-16F7-4668-BE54-9A1E7A4F7556}") = "GamingCornerAPI.CrossCutting.Mappings", "GamingCorner.CrossCutting.Mappings\GamingCornerAPI.CrossCutting.Mappings.csproj", "{EE1460B7-8AFB-4C12-95AD-3BC27BBE7220}"
EndProject
Project("{2150E333-8FDC-42A3-9474-1A3956D46DE8}") = "Elementos de la solución", "Elementos de la solución", "{842AF3CD-6084-4621-B9D8-0ED8F02B1993}"
	ProjectSection(SolutionItems) = preProject
		docker-compose.yml = docker-compose.yml
	EndProjectSection
EndProject
Global
	GlobalSection(SolutionConfigurationPlatforms) = preSolution
		Debug|Any CPU = Debug|Any CPU
		Release|Any CPU = Release|Any CPU
	EndGlobalSection
	GlobalSection(ProjectConfigurationPlatforms) = postSolution
		{36F3EEC8-8BBC-4D35-A7AF-F9AC1E93B4DD}.Debug|Any CPU.ActiveCfg = Debug|Any CPU
		{36F3EEC8-8BBC-4D35-A7AF-F9AC1E93B4DD}.Debug|Any CPU.Build.0 = Debug|Any CPU
		{36F3EEC8-8BBC-4D35-A7AF-F9AC1E93B4DD}.Release|Any CPU.ActiveCfg = Release|Any CPU
		{36F3EEC8-8BBC-4D35-A7AF-F9AC1E93B4DD}.Release|Any CPU.Build.0 = Release|Any CPU
		{AADAB8B2-21F6-4274-9955-3FF3867071C5}.Debug|Any CPU.ActiveCfg = Debug|Any CPU
		{AADAB8B2-21F6-4274-9955-3FF3867071C5}.Debug|Any CPU.Build.0 = Debug|Any CPU
		{AADAB8B2-21F6-4274-9955-3FF3867071C5}.Release|Any CPU.ActiveCfg = Release|Any CPU
		{AADAB8B2-21F6-4274-9955-3FF3867071C5}.Release|Any CPU.Build.0 = Release|Any CPU
		{CAB51C64-9C5C-47BF-905F-99E8465853C4}.Debug|Any CPU.ActiveCfg = Debug|Any CPU
		{CAB51C64-9C5C-47BF-905F-99E8465853C4}.Debug|Any CPU.Build.0 = Debug|Any CPU
		{CAB51C64-9C5C-47BF-905F-99E8465853C4}.Release|Any CPU.ActiveCfg = Release|Any CPU
		{CAB51C64-9C5C-47BF-905F-99E8465853C4}.Release|Any CPU.Build.0 = Release|Any CPU
		{925CDE76-935A-43FD-B8DD-BFCEE479601D}.Debug|Any CPU.ActiveCfg = Debug|Any CPU
		{925CDE76-935A-43FD-B8DD-BFCEE479601D}.Debug|Any CPU.Build.0 = Debug|Any CPU
		{925CDE76-935A-43FD-B8DD-BFCEE479601D}.Release|Any CPU.ActiveCfg = Release|Any CPU
		{925CDE76-935A-43FD-B8DD-BFCEE479601D}.Release|Any CPU.Build.0 = Release|Any CPU
		{F03E7EA0-5D8C-4AE3-B3D3-2D94CBBD2E03}.Debug|Any CPU.ActiveCfg = Debug|Any CPU
		{F03E7EA0-5D8C-4AE3-B3D3-2D94CBBD2E03}.Debug|Any CPU.Build.0 = Debug|Any CPU
		{F03E7EA0-5D8C-4AE3-B3D3-2D94CBBD2E03}.Release|Any CPU.ActiveCfg = Release|Any CPU
		{F03E7EA0-5D8C-4AE3-B3D3-2D94CBBD2E03}.Release|Any CPU.Build.0 = Release|Any CPU
		{2D911F84-A424-4B96-9E6F-C1DDF25D815B}.Debug|Any CPU.ActiveCfg = Debug|Any CPU
		{2D911F84-A424-4B96-9E6F-C1DDF25D815B}.Debug|Any CPU.Build.0 = Debug|Any CPU
		{2D911F84-A424-4B96-9E6F-C1DDF25D815B}.Release|Any CPU.ActiveCfg = Release|Any CPU
		{2D911F84-A424-4B96-9E6F-C1DDF25D815B}.Release|Any CPU.Build.0 = Release|Any CPU
		{98FB4318-0573-4B4B-B3D4-4A2CAEFAE32E}.Debug|Any CPU.ActiveCfg = Debug|Any CPU
		{98FB4318-0573-4B4B-B3D4-4A2CAEFAE32E}.Debug|Any CPU.Build.0 = Debug|Any CPU
		{98FB4318-0573-4B4B-B3D4-4A2CAEFAE32E}.Release|Any CPU.ActiveCfg = Release|Any CPU
		{98FB4318-0573-4B4B-B3D4-4A2CAEFAE32E}.Release|Any CPU.Build.0 = Release|Any CPU
		{EE1460B7-8AFB-4C12-95AD-3BC27BBE7220}.Debug|Any CPU.ActiveCfg = Debug|Any CPU
		{EE1460B7-8AFB-4C12-95AD-3BC27BBE7220}.Debug|Any CPU.Build.0 = Debug|Any CPU
		{EE1460B7-8AFB-4C12-95AD-3BC27BBE7220}.Release|Any CPU.ActiveCfg = Release|Any CPU
		{EE1460B7-8AFB-4C12-95AD-3BC27BBE7220}.Release|Any CPU.Build.0 = Release|Any CPU
	EndGlobalSection
	GlobalSection(SolutionProperties) = preSolution
		HideSolutionNode = FALSE
	EndGlobalSection
	GlobalSection(NestedProjects) = preSolution
		{36F3EEC8-8BBC-4D35-A7AF-F9AC1E93B4DD} = {E9191A05-BF37-43CD-9D08-F0A962AA9250}
		{AADAB8B2-21F6-4274-9955-3FF3867071C5} = {7547B475-00C0-4D4D-9C14-B144CC07F98F}
		{CAB51C64-9C5C-47BF-905F-99E8465853C4} = {7547B475-00C0-4D4D-9C14-B144CC07F98F}
		{925CDE76-935A-43FD-B8DD-BFCEE479601D} = {26DDB491-5467-4B96-846A-549F626B70F1}
		{F03E7EA0-5D8C-4AE3-B3D3-2D94CBBD2E03} = {26DDB491-5467-4B96-846A-549F626B70F1}
		{2D911F84-A424-4B96-9E6F-C1DDF25D815B} = {2E6AE665-2BC1-48C8-9853-00185BDA5197}
		{98FB4318-0573-4B4B-B3D4-4A2CAEFAE32E} = {8E00716B-7FFF-494C-AB72-E23F46C523C3}
		{EE1460B7-8AFB-4C12-95AD-3BC27BBE7220} = {8E00716B-7FFF-494C-AB72-E23F46C523C3}
	EndGlobalSection
	GlobalSection(ExtensibilityGlobals) = postSolution
		SolutionGuid = {A2BF74AA-BB6F-44DF-B777-C571F6CC6639}
	EndGlobalSection
EndGlobal
